
Microsoft Visual Studio Solution File, Format Version 12.00
# Visual Studio Version 16
VisualStudioVersion = 16.0.31424.327
MinimumVisualStudioVersion = 10.0.40219.1
Project("{FAE04EC0-301F-11D3-BF4B-00C04F79EFBC}") = "DataAccess", "DataAccess.csproj", "{B8CA023E-4C0D-4697-ACDC-78CA03FA3334}"
EndProject
Global
	GlobalSection(SolutionConfigurationPlatforms) = preSolution
		Debug|Any CPU = Debug|Any CPU
		Release|Any CPU = Release|Any CPU
	EndGlobalSection
	GlobalSection(ProjectConfigurationPlatforms) = postSolution
		{B8CA023E-4C0D-4697-ACDC-78CA03FA3334}.Debug|Any CPU.ActiveCfg = Debug|Any CPU
		{B8CA023E-4C0D-4697-ACDC-78CA03FA3334}.Debug|Any CPU.Build.0 = Debug|Any CPU
		{B8CA023E-4C0D-4697-ACDC-78CA03FA3334}.Release|Any CPU.ActiveCfg = Release|Any CPU
		{B8CA023E-4C0D-4697-ACDC-78CA03FA3334}.Release|Any CPU.Build.0 = Release|Any CPU
	EndGlobalSection
	GlobalSection(SolutionProperties) = preSolution
		HideSolutionNode = FALSE
	EndGlobalSection
	GlobalSection(ExtensibilityGlobals) = postSolution
		SolutionGuid = {61C5335E-0576-45A0-8CD1-CC815795E4FC}
	EndGlobalSection
EndGlobal
